<?xml version="1.0" encoding="utf-8"?>
<Project ToolsVersion="4.0" xmlns="http://schemas.microsoft.com/developer/msbuild/2003">
  <ItemGroup>
    <Filter Include="Generated Files">
      <UniqueIdentifier>{47762372-9d79-46d9-9c15-635982f47fa6}</UniqueIdentifier>
    </Filter>
    <Filter Include="Source Files">
      <UniqueIdentifier>{28ea1616-b958-4861-a5fc-53a450bddafc}</UniqueIdentifier>
      <Extensions>cpp;c;edl;def; .. and other options</Extensions>
    </Filter>
    <Filter Include="Header Files">
      <UniqueIdentifier>{4824a7bf-a3be-4e4e-9edd-16ae9e7247df}</UniqueIdentifier>
      <Extensions>h;hpp; .. and other options</Extensions>
    </Filter>
    <Filter Include="Resource Files">
      <UniqueIdentifier>{14157188-1ccb-4abf-af14-1019cf06516f}</UniqueIdentifier>
      <Extensions>rc;xml;pem; .. and other options</Extensions>
    </Filter>
  </ItemGroup>
  <ItemGroup>
    <ClCompile Include="Enclave_Simulation_t.c">
      <Filter>Generated Files</Filter>
    </ClCompile>
    <ClCompile Include="Enclave_Simulation.cpp">
      <Filter>Source Files</Filter>
    </ClCompile>
  </ItemGroup>
  <ItemGroup>
    <ClInclude Include="Enclave_Simulation_t.h">
      <Filter>Generated Files</Filter>
    </ClInclude>
  </ItemGroup>
  <ItemGroup>
    <None Include="Enclave_Simulation_private.pem">
      <Filter>Resource Files</Filter>
    </None>
  </ItemGroup>
  <ItemGroup>
    <Xml Include="Enclave_Simulation.config.xml">
      <Filter>Resource Files</Filter>
    </Xml>
  </ItemGroup>
  <ItemGroup>
    <Text Include="ReadMe.txt" />
  </ItemGroup>
  <ItemGroup>
    <CustomBuild Include="Enclave_Simulation.edl">
      <Filter>Source Files</Filter>
    </CustomBuild>
  </ItemGroup>
</Project>