<?xml version="1.0" encoding="utf-8"?>
<Project ToolsVersion="4.0" xmlns="http://schemas.microsoft.com/developer/msbuild/2003">
  <ItemGroup>
    <Filter Include="Generated Files">
      <UniqueIdentifier>{5d2aec1c-764e-496d-87cc-3ef31840616c}</UniqueIdentifier>
    </Filter>
    <Filter Include="Source Files">
      <UniqueIdentifier>{234dfed7-65ae-442e-8feb-1037dd0090b8}</UniqueIdentifier>
      <Extensions>cpp;c;edl;def; .. and other options</Extensions>
    </Filter>
    <Filter Include="Header Files">
      <UniqueIdentifier>{f02d293b-91fc-464c-af76-a037d686fccd}</UniqueIdentifier>
      <Extensions>h;hpp; .. and other options</Extensions>
    </Filter>
    <Filter Include="Resource Files">
      <UniqueIdentifier>{9758b706-5dab-43c8-a11e-7efd0ab76c45}</UniqueIdentifier>
      <Extensions>rc;xml;pem; .. and other options</Extensions>
    </Filter>
  </ItemGroup>
  <ItemGroup>
    <ClCompile Include="HardningEndpoint_t.c">
      <Filter>Generated Files</Filter>
    </ClCompile>
    <ClCompile Include="HardningEndpoint.cpp">
      <Filter>Source Files</Filter>
    </ClCompile>
  </ItemGroup>
  <ItemGroup>
    <ClInclude Include="HardningEndpoint_t.h">
      <Filter>Generated Files</Filter>
    </ClInclude>
  </ItemGroup>
  <ItemGroup>
    <None Include="HardningEndpoint_private.pem">
      <Filter>Resource Files</Filter>
    </None>
  </ItemGroup>
  <ItemGroup>
    <Xml Include="HardningEndpoint.config.xml">
      <Filter>Resource Files</Filter>
    </Xml>
  </ItemGroup>
  <ItemGroup>
    <Text Include="ReadMe.txt" />
  </ItemGroup>
  <ItemGroup>
    <CustomBuild Include="HardningEndpoint.edl">
      <Filter>Source Files</Filter>
    </CustomBuild>
  </ItemGroup>
</Project>