<?xml version="1.0" encoding="utf-8"?>
<Project ToolsVersion="4.0" xmlns="http://schemas.microsoft.com/developer/msbuild/2003">
  <ItemGroup>
    <Filter Include="Generated Files">
      <UniqueIdentifier>{1fc22245-e302-4e63-8ae5-21b4e6289851}</UniqueIdentifier>
    </Filter>
    <Filter Include="Source Files">
      <UniqueIdentifier>{43611917-5c4e-49ea-888d-8fa2466e8a24}</UniqueIdentifier>
      <Extensions>cpp;c;edl;def; .. and other options</Extensions>
    </Filter>
    <Filter Include="Header Files">
      <UniqueIdentifier>{e446a701-5a00-4e69-a15c-6d1c4de0b853}</UniqueIdentifier>
      <Extensions>h;hpp; .. and other options</Extensions>
    </Filter>
    <Filter Include="Resource Files">
      <UniqueIdentifier>{e4c00bce-9516-4569-9a89-c588902ae35b}</UniqueIdentifier>
      <Extensions>rc;xml;pem; .. and other options</Extensions>
    </Filter>
  </ItemGroup>
  <ItemGroup>
    <ClCompile Include="Enclave_t.c">
      <Filter>Generated Files</Filter>
    </ClCompile>
    <ClCompile Include="Enclave.cpp">
      <Filter>Source Files</Filter>
    </ClCompile>
  </ItemGroup>
  <ItemGroup>
    <ClInclude Include="Enclave_t.h">
      <Filter>Generated Files</Filter>
    </ClInclude>
  </ItemGroup>
  <ItemGroup>
    <None Include="Enclave_private.pem">
      <Filter>Resource Files</Filter>
    </None>
  </ItemGroup>
  <ItemGroup>
    <Xml Include="Enclave.config.xml">
      <Filter>Resource Files</Filter>
    </Xml>
  </ItemGroup>
  <ItemGroup>
    <Text Include="ReadMe.txt" />
  </ItemGroup>
  <ItemGroup>
    <CustomBuild Include="Enclave.edl">
      <Filter>Source Files</Filter>
    </CustomBuild>
  </ItemGroup>
</Project>